
Microsoft Visual Studio Solution File, Format Version 12.00
# Visual Studio Version 17
VisualStudioVersion = 17.7.34221.43
MinimumVisualStudioVersion = 10.0.40219.1
Project("{8BC9CEB8-8B4A-11D0-8D11-00A0C91BC942}") = "Project17", "Project17.vcxproj", "{BEAF9124-8057-4CE7-8DDA-4FD99CB82D52}"
EndProject
Global
	GlobalSection(SolutionConfigurationPlatforms) = preSolution
		Debug|x64 = Debug|x64
		Debug|x86 = Debug|x86
		Release|x64 = Release|x64
		Release|x86 = Release|x86
	EndGlobalSection
	GlobalSection(ProjectConfigurationPlatforms) = postSolution
		{BEAF9124-8057-4CE7-8DDA-4FD99CB82D52}.Debug|x64.ActiveCfg = Debug|x64
		{BEAF9124-8057-4CE7-8DDA-4FD99CB82D52}.Debug|x64.Build.0 = Debug|x64
		{BEAF9124-8057-4CE7-8DDA-4FD99CB82D52}.Debug|x86.ActiveCfg = Debug|Win32
		{BEAF9124-8057-4CE7-8DDA-4FD99CB82D52}.Debug|x86.Build.0 = Debug|Win32
		{BEAF9124-8057-4CE7-8DDA-4FD99CB82D52}.Release|x64.ActiveCfg = Release|x64
		{BEAF9124-8057-4CE7-8DDA-4FD99CB82D52}.Release|x64.Build.0 = Release|x64
		{BEAF9124-8057-4CE7-8DDA-4FD99CB82D52}.Release|x86.ActiveCfg = Release|Win32
		{BEAF9124-8057-4CE7-8DDA-4FD99CB82D52}.Release|x86.Build.0 = Release|Win32
	EndGlobalSection
	GlobalSection(SolutionProperties) = preSolution
		HideSolutionNode = FALSE
	EndGlobalSection
	GlobalSection(ExtensibilityGlobals) = postSolution
		SolutionGuid = {6A1FFD25-3384-4539-AED9-EF7665710090}
	EndGlobalSection
EndGlobal
